
Microsoft Visual Studio Solution File, Format Version 12.00
# Visual Studio Version 17
VisualStudioVersion = 17.2.32526.322
MinimumVisualStudioVersion = 10.0.40219.1
Project("{FAE04EC0-301F-11D3-BF4B-00C04F79EFBC}") = "CryptoApp", "CryptoApp.csproj", "{11221DED-86B6-4CDE-9398-07FF09BEFA7C}"
EndProject
Global
	GlobalSection(SolutionConfigurationPlatforms) = preSolution
		Debug|Any CPU = Debug|Any CPU
		Release|Any CPU = Release|Any CPU
	EndGlobalSection
	GlobalSection(ProjectConfigurationPlatforms) = postSolution
		{11221DED-86B6-4CDE-9398-07FF09BEFA7C}.Debug|Any CPU.ActiveCfg = Debug|Any CPU
		{11221DED-86B6-4CDE-9398-07FF09BEFA7C}.Debug|Any CPU.Build.0 = Debug|Any CPU
		{11221DED-86B6-4CDE-9398-07FF09BEFA7C}.Release|Any CPU.ActiveCfg = Release|Any CPU
		{11221DED-86B6-4CDE-9398-07FF09BEFA7C}.Release|Any CPU.Build.0 = Release|Any CPU
	EndGlobalSection
	GlobalSection(SolutionProperties) = preSolution
		HideSolutionNode = FALSE
	EndGlobalSection
	GlobalSection(ExtensibilityGlobals) = postSolution
		SolutionGuid = {11FF62BD-753B-46DA-902C-EA93DE3708DB}
	EndGlobalSection
EndGlobal
